
Microsoft Visual Studio Solution File, Format Version 12.00
# Visual Studio Version 17
VisualStudioVersion = 17.9.34902.65
MinimumVisualStudioVersion = 10.0.40219.1
Project("{2150E333-8FDC-42A3-9474-1A3956D46DE8}") = "Application", "Application", "{2A17AF32-1A98-4E85-966A-C90CACCF655D}"
EndProject
Project("{2150E333-8FDC-42A3-9474-1A3956D46DE8}") = "Presentation", "Presentation", "{730F555F-CE5E-43C7-8214-9911636B6AE8}"
EndProject
Project("{2150E333-8FDC-42A3-9474-1A3956D46DE8}") = "Domain", "Domain", "{9F481E2A-74B8-47C3-8876-1DDBFA7C4BA0}"
EndProject
Project("{2150E333-8FDC-42A3-9474-1A3956D46DE8}") = "Infrastructure", "Infrastructure", "{CC4CAC7D-DE34-43C6-A349-750BE577EA5D}"
EndProject
Project("{9A19103F-16F7-4668-BE54-9A1E7A4F7556}") = "Domain", "Domain\Domain.csproj", "{8C8A0800-27AF-4244-962A-D575222FFD94}"
EndProject
Project("{9A19103F-16F7-4668-BE54-9A1E7A4F7556}") = "Application", "Application\Application.csproj", "{C51AA553-222E-4F75-8B7C-8AF5956EF3B8}"
EndProject
Project("{9A19103F-16F7-4668-BE54-9A1E7A4F7556}") = "WebAPI", "WebAPI\WebAPI.csproj", "{6C163165-EC58-4DC2-9766-DE83BE6BF490}"
EndProject
Project("{9A19103F-16F7-4668-BE54-9A1E7A4F7556}") = "Infrastructure", "Infrastrutcure\Infrastructure.csproj", "{F6808AEF-9E13-4C7F-8A99-58C8D1A32827}"
EndProject
Project("{9A19103F-16F7-4668-BE54-9A1E7A4F7556}") = "Infrastructure", "Infrastructure\Infrastructure.csproj", "{A4580517-4057-46D0-85CE-00F2C12FA21F}"
EndProject
Global
	GlobalSection(SolutionConfigurationPlatforms) = preSolution
		Debug|Any CPU = Debug|Any CPU
		Release|Any CPU = Release|Any CPU
	EndGlobalSection
	GlobalSection(ProjectConfigurationPlatforms) = postSolution
		{8C8A0800-27AF-4244-962A-D575222FFD94}.Debug|Any CPU.ActiveCfg = Debug|Any CPU
		{8C8A0800-27AF-4244-962A-D575222FFD94}.Debug|Any CPU.Build.0 = Debug|Any CPU
		{8C8A0800-27AF-4244-962A-D575222FFD94}.Release|Any CPU.ActiveCfg = Release|Any CPU
		{8C8A0800-27AF-4244-962A-D575222FFD94}.Release|Any CPU.Build.0 = Release|Any CPU
		{C51AA553-222E-4F75-8B7C-8AF5956EF3B8}.Debug|Any CPU.ActiveCfg = Debug|Any CPU
		{C51AA553-222E-4F75-8B7C-8AF5956EF3B8}.Debug|Any CPU.Build.0 = Debug|Any CPU
		{C51AA553-222E-4F75-8B7C-8AF5956EF3B8}.Release|Any CPU.ActiveCfg = Release|Any CPU
		{C51AA553-222E-4F75-8B7C-8AF5956EF3B8}.Release|Any CPU.Build.0 = Release|Any CPU
		{6C163165-EC58-4DC2-9766-DE83BE6BF490}.Debug|Any CPU.ActiveCfg = Debug|Any CPU
		{6C163165-EC58-4DC2-9766-DE83BE6BF490}.Debug|Any CPU.Build.0 = Debug|Any CPU
		{6C163165-EC58-4DC2-9766-DE83BE6BF490}.Release|Any CPU.ActiveCfg = Release|Any CPU
		{6C163165-EC58-4DC2-9766-DE83BE6BF490}.Release|Any CPU.Build.0 = Release|Any CPU
		{F6808AEF-9E13-4C7F-8A99-58C8D1A32827}.Debug|Any CPU.ActiveCfg = Debug|Any CPU
		{F6808AEF-9E13-4C7F-8A99-58C8D1A32827}.Debug|Any CPU.Build.0 = Debug|Any CPU
		{F6808AEF-9E13-4C7F-8A99-58C8D1A32827}.Release|Any CPU.ActiveCfg = Release|Any CPU
		{F6808AEF-9E13-4C7F-8A99-58C8D1A32827}.Release|Any CPU.Build.0 = Release|Any CPU
		{A4580517-4057-46D0-85CE-00F2C12FA21F}.Debug|Any CPU.ActiveCfg = Debug|Any CPU
		{A4580517-4057-46D0-85CE-00F2C12FA21F}.Debug|Any CPU.Build.0 = Debug|Any CPU
		{A4580517-4057-46D0-85CE-00F2C12FA21F}.Release|Any CPU.ActiveCfg = Release|Any CPU
		{A4580517-4057-46D0-85CE-00F2C12FA21F}.Release|Any CPU.Build.0 = Release|Any CPU
	EndGlobalSection
	GlobalSection(SolutionProperties) = preSolution
		HideSolutionNode = FALSE
	EndGlobalSection
	GlobalSection(NestedProjects) = preSolution
		{8C8A0800-27AF-4244-962A-D575222FFD94} = {9F481E2A-74B8-47C3-8876-1DDBFA7C4BA0}
		{C51AA553-222E-4F75-8B7C-8AF5956EF3B8} = {2A17AF32-1A98-4E85-966A-C90CACCF655D}
		{6C163165-EC58-4DC2-9766-DE83BE6BF490} = {730F555F-CE5E-43C7-8214-9911636B6AE8}
		{F6808AEF-9E13-4C7F-8A99-58C8D1A32827} = {CC4CAC7D-DE34-43C6-A349-750BE577EA5D}
		{A4580517-4057-46D0-85CE-00F2C12FA21F} = {CC4CAC7D-DE34-43C6-A349-750BE577EA5D}
	EndGlobalSection
	GlobalSection(ExtensibilityGlobals) = postSolution
		SolutionGuid = {0F4D2DFD-042D-448F-918A-34715DF4E5CB}
	EndGlobalSection
EndGlobal
